
Microsoft Visual Studio Solution File, Format Version 12.00
# Visual Studio 15
Project("{FAE04EC0-301F-11D3-BF4B-00C04F79EFBC}") = "ChuckAPI", "ChuckAPI\ChuckAPI.csproj", "{9FE86CB0-F1D3-4D58-83BB-0962CFA779EC}"
EndProject
Global
	GlobalSection(SolutionConfigurationPlatforms) = preSolution
		Debug|Any CPU = Debug|Any CPU
		Release|Any CPU = Release|Any CPU
	EndGlobalSection
	GlobalSection(ProjectConfigurationPlatforms) = postSolution
		{9FE86CB0-F1D3-4D58-83BB-0962CFA779EC}.Debug|Any CPU.ActiveCfg = Debug|Any CPU
		{9FE86CB0-F1D3-4D58-83BB-0962CFA779EC}.Debug|Any CPU.Build.0 = Debug|Any CPU
		{9FE86CB0-F1D3-4D58-83BB-0962CFA779EC}.Release|Any CPU.ActiveCfg = Release|Any CPU
		{9FE86CB0-F1D3-4D58-83BB-0962CFA779EC}.Release|Any CPU.Build.0 = Release|Any CPU
	EndGlobalSection
EndGlobal
